
Microsoft Visual Studio Solution File, Format Version 12.00
# Visual Studio Version 16
VisualStudioVersion = 16.0.31729.503
MinimumVisualStudioVersion = 10.0.40219.1
Project("{FAE04EC0-301F-11D3-BF4B-00C04F79EFBC}") = "1_Array7", "1_Array7\1_Array7.csproj", "{BC130916-65DD-4860-B211-398D1C0E5191}"
EndProject
Global
	GlobalSection(SolutionConfigurationPlatforms) = preSolution
		Debug|Any CPU = Debug|Any CPU
		Release|Any CPU = Release|Any CPU
	EndGlobalSection
	GlobalSection(ProjectConfigurationPlatforms) = postSolution
		{BC130916-65DD-4860-B211-398D1C0E5191}.Debug|Any CPU.ActiveCfg = Debug|Any CPU
		{BC130916-65DD-4860-B211-398D1C0E5191}.Debug|Any CPU.Build.0 = Debug|Any CPU
		{BC130916-65DD-4860-B211-398D1C0E5191}.Release|Any CPU.ActiveCfg = Release|Any CPU
		{BC130916-65DD-4860-B211-398D1C0E5191}.Release|Any CPU.Build.0 = Release|Any CPU
	EndGlobalSection
	GlobalSection(SolutionProperties) = preSolution
		HideSolutionNode = FALSE
	EndGlobalSection
	GlobalSection(ExtensibilityGlobals) = postSolution
		SolutionGuid = {1B39FEEE-58C2-4318-9F9B-A37CA9D39A55}
	EndGlobalSection
EndGlobal
