
Microsoft Visual Studio Solution File, Format Version 12.00
# Visual Studio Version 16
VisualStudioVersion = 16.0.31729.503
MinimumVisualStudioVersion = 10.0.40219.1
Project("{FAE04EC0-301F-11D3-BF4B-00C04F79EFBC}") = "1_Array7", "1_Array7\1_Array7.csproj", "{BC130916-65DD-4860-B211-398D1C0E5191}"
EndProject
Project("{FAE04EC0-301F-11D3-BF4B-00C04F79EFBC}") = "2_Array_MinMax", "2_Array_MinMax\2_Array_MinMax.csproj", "{038320FA-E6B1-4986-8CF9-5B126AB1A0AD}"
EndProject
Project("{FAE04EC0-301F-11D3-BF4B-00C04F79EFBC}") = "3_Array5x5", "3_Array5x5\3_Array5x5.csproj", "{319DD82E-F5FC-4D78-B376-8BF90BB866C0}"
EndProject
Project("{FAE04EC0-301F-11D3-BF4B-00C04F79EFBC}") = "4_Array_PlusOddNumbersCount", "4_Array_PlusOddNumbersCount\4_Array_PlusOddNumbersCount.csproj", "{C0646297-2A5C-4739-B200-EB253CD5B3E9}"
EndProject
Project("{FAE04EC0-301F-11D3-BF4B-00C04F79EFBC}") = "5_Array_0-1", "5_Array_0-1\5_Array_0-1.csproj", "{04A40D10-178F-4F24-BBAC-D48355E9135B}"
EndProject
Global
	GlobalSection(SolutionConfigurationPlatforms) = preSolution
		Debug|Any CPU = Debug|Any CPU
		Release|Any CPU = Release|Any CPU
	EndGlobalSection
	GlobalSection(ProjectConfigurationPlatforms) = postSolution
		{BC130916-65DD-4860-B211-398D1C0E5191}.Debug|Any CPU.ActiveCfg = Debug|Any CPU
		{BC130916-65DD-4860-B211-398D1C0E5191}.Debug|Any CPU.Build.0 = Debug|Any CPU
		{BC130916-65DD-4860-B211-398D1C0E5191}.Release|Any CPU.ActiveCfg = Release|Any CPU
		{BC130916-65DD-4860-B211-398D1C0E5191}.Release|Any CPU.Build.0 = Release|Any CPU
		{038320FA-E6B1-4986-8CF9-5B126AB1A0AD}.Debug|Any CPU.ActiveCfg = Debug|Any CPU
		{038320FA-E6B1-4986-8CF9-5B126AB1A0AD}.Debug|Any CPU.Build.0 = Debug|Any CPU
		{038320FA-E6B1-4986-8CF9-5B126AB1A0AD}.Release|Any CPU.ActiveCfg = Release|Any CPU
		{038320FA-E6B1-4986-8CF9-5B126AB1A0AD}.Release|Any CPU.Build.0 = Release|Any CPU
		{319DD82E-F5FC-4D78-B376-8BF90BB866C0}.Debug|Any CPU.ActiveCfg = Debug|Any CPU
		{319DD82E-F5FC-4D78-B376-8BF90BB866C0}.Debug|Any CPU.Build.0 = Debug|Any CPU
		{319DD82E-F5FC-4D78-B376-8BF90BB866C0}.Release|Any CPU.ActiveCfg = Release|Any CPU
		{319DD82E-F5FC-4D78-B376-8BF90BB866C0}.Release|Any CPU.Build.0 = Release|Any CPU
		{C0646297-2A5C-4739-B200-EB253CD5B3E9}.Debug|Any CPU.ActiveCfg = Debug|Any CPU
		{C0646297-2A5C-4739-B200-EB253CD5B3E9}.Debug|Any CPU.Build.0 = Debug|Any CPU
		{C0646297-2A5C-4739-B200-EB253CD5B3E9}.Release|Any CPU.ActiveCfg = Release|Any CPU
		{C0646297-2A5C-4739-B200-EB253CD5B3E9}.Release|Any CPU.Build.0 = Release|Any CPU
		{04A40D10-178F-4F24-BBAC-D48355E9135B}.Debug|Any CPU.ActiveCfg = Debug|Any CPU
		{04A40D10-178F-4F24-BBAC-D48355E9135B}.Debug|Any CPU.Build.0 = Debug|Any CPU
		{04A40D10-178F-4F24-BBAC-D48355E9135B}.Release|Any CPU.ActiveCfg = Release|Any CPU
		{04A40D10-178F-4F24-BBAC-D48355E9135B}.Release|Any CPU.Build.0 = Release|Any CPU
	EndGlobalSection
	GlobalSection(SolutionProperties) = preSolution
		HideSolutionNode = FALSE
	EndGlobalSection
	GlobalSection(ExtensibilityGlobals) = postSolution
		SolutionGuid = {1B39FEEE-58C2-4318-9F9B-A37CA9D39A55}
	EndGlobalSection
EndGlobal
